// !$*UTF8*$!
{
	archiveVersion = 1;
	classes = {
	};
	objectVersion = 51;
	objects = {

/* Begin PBXBuildFile section */
		0725CD04244BA5200071F3CD /* HomeVC.swift in Sources */ = {isa = PBXBuildFile; fileRef = 0725CD03244BA5200071F3CD /* HomeVC.swift */; };
		0725CD06244BB0C30071F3CD /* DetailedMoodVC.swift in Sources */ = {isa = PBXBuildFile; fileRef = 0725CD05244BB0C30071F3CD /* DetailedMoodVC.swift */; };
		075706B6244E6E3200269D27 /* Reachability.swift in Sources */ = {isa = PBXBuildFile; fileRef = 075706B5244E6E3200269D27 /* Reachability.swift */; };
		0777191D244BC3070084AA49 /* DailyActivitiesVC.swift in Sources */ = {isa = PBXBuildFile; fileRef = 0777191C244BC3070084AA49 /* DailyActivitiesVC.swift */; };
		078EE133244E96A100A5DE7C /* heart.png in Resources */ = {isa = PBXBuildFile; fileRef = 078EE132244E96A100A5DE7C /* heart.png */; };
		07903BB824230A1D004238A0 /* AppDelegate.swift in Sources */ = {isa = PBXBuildFile; fileRef = 07903BB724230A1D004238A0 /* AppDelegate.swift */; };
		07903BBA24230A1D004238A0 /* SceneDelegate.swift in Sources */ = {isa = PBXBuildFile; fileRef = 07903BB924230A1D004238A0 /* SceneDelegate.swift */; };
		07903BBC24230A1D004238A0 /* ViewController.swift in Sources */ = {isa = PBXBuildFile; fileRef = 07903BBB24230A1D004238A0 /* ViewController.swift */; };
		07903BBF24230A1D004238A0 /* Main.storyboard in Resources */ = {isa = PBXBuildFile; fileRef = 07903BBD24230A1D004238A0 /* Main.storyboard */; };
		07903BC124230A22004238A0 /* Assets.xcassets in Resources */ = {isa = PBXBuildFile; fileRef = 07903BC024230A22004238A0 /* Assets.xcassets */; };
		07903BC424230A22004238A0 /* LaunchScreen.storyboard in Resources */ = {isa = PBXBuildFile; fileRef = 07903BC224230A22004238A0 /* LaunchScreen.storyboard */; };
		07A5E6F424775CA400A3D6EF /* TabManager.swift in Sources */ = {isa = PBXBuildFile; fileRef = 07A5E6F324775CA400A3D6EF /* TabManager.swift */; };
		07BEFFC9244A50700079F333 /* SignInVC.swift in Sources */ = {isa = PBXBuildFile; fileRef = 07BEFFC8244A50700079F333 /* SignInVC.swift */; };
		07BEFFCB244A60C60079F333 /* CreateAccountVC.swift in Sources */ = {isa = PBXBuildFile; fileRef = 07BEFFCA244A60C60079F333 /* CreateAccountVC.swift */; };
		07BEFFCD244A812E0079F333 /* CurrentActivitiesVC.swift in Sources */ = {isa = PBXBuildFile; fileRef = 07BEFFCC244A812E0079F333 /* CurrentActivitiesVC.swift */; };
		07BEFFCF244A98860079F333 /* NewActivitiesVC.swift in Sources */ = {isa = PBXBuildFile; fileRef = 07BEFFCE244A98860079F333 /* NewActivitiesVC.swift */; };
		07BEFFD1244AA1060079F333 /* MoodVC.swift in Sources */ = {isa = PBXBuildFile; fileRef = 07BEFFD0244AA1060079F333 /* MoodVC.swift */; };
		07BEFFD5244AA8BB0079F333 /* ProfileCreatorVC.swift in Sources */ = {isa = PBXBuildFile; fileRef = 07BEFFD4244AA8BB0079F333 /* ProfileCreatorVC.swift */; };
		07BEFFD7244AAF160079F333 /* WelcomeQuestionnaireVC.swift in Sources */ = {isa = PBXBuildFile; fileRef = 07BEFFD6244AAF160079F333 /* WelcomeQuestionnaireVC.swift */; };
		07BEFFD9244AC0C70079F333 /* ProfileVC.swift in Sources */ = {isa = PBXBuildFile; fileRef = 07BEFFD8244AC0C70079F333 /* ProfileVC.swift */; };
		07C4AE11243FF2C5007C2C4B /* DateCell.swift in Sources */ = {isa = PBXBuildFile; fileRef = 07C4AE10243FF2C5007C2C4B /* DateCell.swift */; };
		07E25E2C244027510093F184 /* CalendarVC.swift in Sources */ = {isa = PBXBuildFile; fileRef = 07E25E2B244027510093F184 /* CalendarVC.swift */; };
		07F1D2C0244A4C0300A9CBAB /* GoogleService-Info.plist in Resources */ = {isa = PBXBuildFile; fileRef = 07F1D2BF244A4C0300A9CBAB /* GoogleService-Info.plist */; };
		07FEE701244B91CD00758D38 /* info.png in Resources */ = {isa = PBXBuildFile; fileRef = 07FEE6EB244B91CC00758D38 /* info.png */; };
		07FEE702244B91CD00758D38 /* tv.png in Resources */ = {isa = PBXBuildFile; fileRef = 07FEE6EC244B91CC00758D38 /* tv.png */; };
		07FEE703244B91CD00758D38 /* bubble.png in Resources */ = {isa = PBXBuildFile; fileRef = 07FEE6ED244B91CC00758D38 /* bubble.png */; };
		07FEE704244B91CD00758D38 /* paint.png in Resources */ = {isa = PBXBuildFile; fileRef = 07FEE6EE244B91CC00758D38 /* paint.png */; };
		07FEE705244B91CD00758D38 /* home.png in Resources */ = {isa = PBXBuildFile; fileRef = 07FEE6EF244B91CC00758D38 /* home.png */; };
		07FEE706244B91CD00758D38 /* person.png in Resources */ = {isa = PBXBuildFile; fileRef = 07FEE6F0244B91CC00758D38 /* person.png */; };
		07FEE707244B91CD00758D38 /* cook.png in Resources */ = {isa = PBXBuildFile; fileRef = 07FEE6F1244B91CC00758D38 /* cook.png */; };
		07FEE708244B91CD00758D38 /* lotus.psd in Resources */ = {isa = PBXBuildFile; fileRef = 07FEE6F2244B91CC00758D38 /* lotus.psd */; };
		07FEE709244B91CD00758D38 /* read.png in Resources */ = {isa = PBXBuildFile; fileRef = 07FEE6F3244B91CC00758D38 /* read.png */; };
		07FEE70A244B91CD00758D38 /* journalbook.png in Resources */ = {isa = PBXBuildFile; fileRef = 07FEE6F4244B91CC00758D38 /* journalbook.png */; };
		07FEE70B244B91CD00758D38 /* pets.png in Resources */ = {isa = PBXBuildFile; fileRef = 07FEE6F5244B91CC00758D38 /* pets.png */; };
		07FEE70C244B91CD00758D38 /* ellipsis.png in Resources */ = {isa = PBXBuildFile; fileRef = 07FEE6F6244B91CC00758D38 /* ellipsis.png */; };
		07FEE70D244B91CD00758D38 /* nature.png in Resources */ = {isa = PBXBuildFile; fileRef = 07FEE6F7244B91CC00758D38 /* nature.png */; };
		07FEE70E244B91CD00758D38 /* lowest.png in Resources */ = {isa = PBXBuildFile; fileRef = 07FEE6F8244B91CC00758D38 /* lowest.png */; };
		07FEE70F244B91CD00758D38 /* resources.png in Resources */ = {isa = PBXBuildFile; fileRef = 07FEE6F9244B91CC00758D38 /* resources.png */; };
		07FEE710244B91CD00758D38 /* lotus.png in Resources */ = {isa = PBXBuildFile; fileRef = 07FEE6FA244B91CC00758D38 /* lotus.png */; };
		07FEE711244B91CD00758D38 /* exercise.png in Resources */ = {isa = PBXBuildFile; fileRef = 07FEE6FB244B91CC00758D38 /* exercise.png */; };
		07FEE712244B91CD00758D38 /* pencil.png in Resources */ = {isa = PBXBuildFile; fileRef = 07FEE6FC244B91CC00758D38 /* pencil.png */; };
		07FEE713244B91CD00758D38 /* highest.png in Resources */ = {isa = PBXBuildFile; fileRef = 07FEE6FD244B91CC00758D38 /* highest.png */; };
		07FEE714244B91CD00758D38 /* low.png in Resources */ = {isa = PBXBuildFile; fileRef = 07FEE6FE244B91CC00758D38 /* low.png */; };
		07FEE715244B91CD00758D38 /* middle.png in Resources */ = {isa = PBXBuildFile; fileRef = 07FEE6FF244B91CC00758D38 /* middle.png */; };
		07FEE716244B91CD00758D38 /* high.png in Resources */ = {isa = PBXBuildFile; fileRef = 07FEE700244B91CC00758D38 /* high.png */; };
		3EA0F5F055125AD5E44C77A6 /* Pods_moodtracker.framework in Frameworks */ = {isa = PBXBuildFile; fileRef = 6B0E415D65E346C35E4CF7A9 /* Pods_moodtracker.framework */; };
/* End PBXBuildFile section */

/* Begin PBXFileReference section */
		039379169CC4A5E3A84B23CB /* Pods-moodtracker.release.xcconfig */ = {isa = PBXFileReference; includeInIndex = 1; lastKnownFileType = text.xcconfig; name = "Pods-moodtracker.release.xcconfig"; path = "Target Support Files/Pods-moodtracker/Pods-moodtracker.release.xcconfig"; sourceTree = "<group>"; };
		0725CD03244BA5200071F3CD /* HomeVC.swift */ = {isa = PBXFileReference; lastKnownFileType = sourcecode.swift; path = HomeVC.swift; sourceTree = "<group>"; };
		0725CD05244BB0C30071F3CD /* DetailedMoodVC.swift */ = {isa = PBXFileReference; lastKnownFileType = sourcecode.swift; path = DetailedMoodVC.swift; sourceTree = "<group>"; };
		075706B5244E6E3200269D27 /* Reachability.swift */ = {isa = PBXFileReference; lastKnownFileType = sourcecode.swift; path = Reachability.swift; sourceTree = "<group>"; };
		0777191C244BC3070084AA49 /* DailyActivitiesVC.swift */ = {isa = PBXFileReference; lastKnownFileType = sourcecode.swift; path = DailyActivitiesVC.swift; sourceTree = "<group>"; };
		078EE132244E96A100A5DE7C /* heart.png */ = {isa = PBXFileReference; lastKnownFileType = image.png; path = heart.png; sourceTree = "<group>"; };
		07903BB424230A1D004238A0 /* moodtracker.app */ = {isa = PBXFileReference; explicitFileType = wrapper.application; includeInIndex = 0; path = moodtracker.app; sourceTree = BUILT_PRODUCTS_DIR; };
		07903BB724230A1D004238A0 /* AppDelegate.swift */ = {isa = PBXFileReference; lastKnownFileType = sourcecode.swift; path = AppDelegate.swift; sourceTree = "<group>"; };
		07903BB924230A1D004238A0 /* SceneDelegate.swift */ = {isa = PBXFileReference; lastKnownFileType = sourcecode.swift; path = SceneDelegate.swift; sourceTree = "<group>"; };
		07903BBB24230A1D004238A0 /* ViewController.swift */ = {isa = PBXFileReference; lastKnownFileType = sourcecode.swift; path = ViewController.swift; sourceTree = "<group>"; };
		07903BBE24230A1D004238A0 /* Base */ = {isa = PBXFileReference; lastKnownFileType = file.storyboard; name = Base; path = Base.lproj/Main.storyboard; sourceTree = "<group>"; };
		07903BC024230A22004238A0 /* Assets.xcassets */ = {isa = PBXFileReference; lastKnownFileType = folder.assetcatalog; path = Assets.xcassets; sourceTree = "<group>"; };
		07903BC324230A22004238A0 /* Base */ = {isa = PBXFileReference; lastKnownFileType = file.storyboard; name = Base; path = Base.lproj/LaunchScreen.storyboard; sourceTree = "<group>"; };
		07903BC524230A22004238A0 /* Info.plist */ = {isa = PBXFileReference; lastKnownFileType = text.plist.xml; path = Info.plist; sourceTree = "<group>"; };
		07A5E6F324775CA400A3D6EF /* TabManager.swift */ = {isa = PBXFileReference; lastKnownFileType = sourcecode.swift; path = TabManager.swift; sourceTree = "<group>"; };
		07BEFFC8244A50700079F333 /* SignInVC.swift */ = {isa = PBXFileReference; lastKnownFileType = sourcecode.swift; path = SignInVC.swift; sourceTree = "<group>"; };
		07BEFFCA244A60C60079F333 /* CreateAccountVC.swift */ = {isa = PBXFileReference; lastKnownFileType = sourcecode.swift; path = CreateAccountVC.swift; sourceTree = "<group>"; };
		07BEFFCC244A812E0079F333 /* CurrentActivitiesVC.swift */ = {isa = PBXFileReference; lastKnownFileType = sourcecode.swift; path = CurrentActivitiesVC.swift; sourceTree = "<group>"; };
		07BEFFCE244A98860079F333 /* NewActivitiesVC.swift */ = {isa = PBXFileReference; lastKnownFileType = sourcecode.swift; path = NewActivitiesVC.swift; sourceTree = "<group>"; };
		07BEFFD0244AA1060079F333 /* MoodVC.swift */ = {isa = PBXFileReference; lastKnownFileType = sourcecode.swift; path = MoodVC.swift; sourceTree = "<group>"; };
		07BEFFD4244AA8BB0079F333 /* ProfileCreatorVC.swift */ = {isa = PBXFileReference; lastKnownFileType = sourcecode.swift; path = ProfileCreatorVC.swift; sourceTree = "<group>"; };
		07BEFFD6244AAF160079F333 /* WelcomeQuestionnaireVC.swift */ = {isa = PBXFileReference; lastKnownFileType = sourcecode.swift; path = WelcomeQuestionnaireVC.swift; sourceTree = "<group>"; };
		07BEFFD8244AC0C70079F333 /* ProfileVC.swift */ = {isa = PBXFileReference; lastKnownFileType = sourcecode.swift; path = ProfileVC.swift; sourceTree = "<group>"; };
		07C4AE10243FF2C5007C2C4B /* DateCell.swift */ = {isa = PBXFileReference; lastKnownFileType = sourcecode.swift; path = DateCell.swift; sourceTree = "<group>"; };
		07E25E2B244027510093F184 /* CalendarVC.swift */ = {isa = PBXFileReference; lastKnownFileType = sourcecode.swift; path = CalendarVC.swift; sourceTree = "<group>"; };
		07F1D2BF244A4C0300A9CBAB /* GoogleService-Info.plist */ = {isa = PBXFileReference; fileEncoding = 4; lastKnownFileType = text.plist.xml; path = "GoogleService-Info.plist"; sourceTree = "<group>"; };
		07FEE6EB244B91CC00758D38 /* info.png */ = {isa = PBXFileReference; lastKnownFileType = image.png; path = info.png; sourceTree = "<group>"; };
		07FEE6EC244B91CC00758D38 /* tv.png */ = {isa = PBXFileReference; lastKnownFileType = image.png; path = tv.png; sourceTree = "<group>"; };
		07FEE6ED244B91CC00758D38 /* bubble.png */ = {isa = PBXFileReference; lastKnownFileType = image.png; path = bubble.png; sourceTree = "<group>"; };
		07FEE6EE244B91CC00758D38 /* paint.png */ = {isa = PBXFileReference; lastKnownFileType = image.png; path = paint.png; sourceTree = "<group>"; };
		07FEE6EF244B91CC00758D38 /* home.png */ = {isa = PBXFileReference; lastKnownFileType = image.png; path = home.png; sourceTree = "<group>"; };
		07FEE6F0244B91CC00758D38 /* person.png */ = {isa = PBXFileReference; lastKnownFileType = image.png; path = person.png; sourceTree = "<group>"; };
		07FEE6F1244B91CC00758D38 /* cook.png */ = {isa = PBXFileReference; lastKnownFileType = image.png; path = cook.png; sourceTree = "<group>"; };
		07FEE6F2244B91CC00758D38 /* lotus.psd */ = {isa = PBXFileReference; lastKnownFileType = file; path = lotus.psd; sourceTree = "<group>"; };
		07FEE6F3244B91CC00758D38 /* read.png */ = {isa = PBXFileReference; lastKnownFileType = image.png; path = read.png; sourceTree = "<group>"; };
		07FEE6F4244B91CC00758D38 /* journalbook.png */ = {isa = PBXFileReference; lastKnownFileType = image.png; path = journalbook.png; sourceTree = "<group>"; };
		07FEE6F5244B91CC00758D38 /* pets.png */ = {isa = PBXFileReference; lastKnownFileType = image.png; path = pets.png; sourceTree = "<group>"; };
		07FEE6F6244B91CC00758D38 /* ellipsis.png */ = {isa = PBXFileReference; lastKnownFileType = image.png; path = ellipsis.png; sourceTree = "<group>"; };
		07FEE6F7244B91CC00758D38 /* nature.png */ = {isa = PBXFileReference; lastKnownFileType = image.png; path = nature.png; sourceTree = "<group>"; };
		07FEE6F8244B91CC00758D38 /* lowest.png */ = {isa = PBXFileReference; lastKnownFileType = image.png; path = lowest.png; sourceTree = "<group>"; };
		07FEE6F9244B91CC00758D38 /* resources.png */ = {isa = PBXFileReference; lastKnownFileType = image.png; path = resources.png; sourceTree = "<group>"; };
		07FEE6FA244B91CC00758D38 /* lotus.png */ = {isa = PBXFileReference; lastKnownFileType = image.png; path = lotus.png; sourceTree = "<group>"; };
		07FEE6FB244B91CC00758D38 /* exercise.png */ = {isa = PBXFileReference; lastKnownFileType = image.png; path = exercise.png; sourceTree = "<group>"; };
		07FEE6FC244B91CC00758D38 /* pencil.png */ = {isa = PBXFileReference; lastKnownFileType = image.png; path = pencil.png; sourceTree = "<group>"; };
		07FEE6FD244B91CC00758D38 /* highest.png */ = {isa = PBXFileReference; lastKnownFileType = image.png; path = highest.png; sourceTree = "<group>"; };
		07FEE6FE244B91CC00758D38 /* low.png */ = {isa = PBXFileReference; lastKnownFileType = image.png; path = low.png; sourceTree = "<group>"; };
		07FEE6FF244B91CC00758D38 /* middle.png */ = {isa = PBXFileReference; lastKnownFileType = image.png; path = middle.png; sourceTree = "<group>"; };
		07FEE700244B91CC00758D38 /* high.png */ = {isa = PBXFileReference; lastKnownFileType = image.png; path = high.png; sourceTree = "<group>"; };
		3353B9A2FA7F363697A8721C /* Pods-moodtracker.debug.xcconfig */ = {isa = PBXFileReference; includeInIndex = 1; lastKnownFileType = text.xcconfig; name = "Pods-moodtracker.debug.xcconfig"; path = "Target Support Files/Pods-moodtracker/Pods-moodtracker.debug.xcconfig"; sourceTree = "<group>"; };
		6B0E415D65E346C35E4CF7A9 /* Pods_moodtracker.framework */ = {isa = PBXFileReference; explicitFileType = wrapper.framework; includeInIndex = 0; path = Pods_moodtracker.framework; sourceTree = BUILT_PRODUCTS_DIR; };
/* End PBXFileReference section */

/* Begin PBXFrameworksBuildPhase section */
		07903BB124230A1D004238A0 /* Frameworks */ = {
			isa = PBXFrameworksBuildPhase;
			buildActionMask = 2147483647;
			files = (
				3EA0F5F055125AD5E44C77A6 /* Pods_moodtracker.framework in Frameworks */,
			);
			runOnlyForDeploymentPostprocessing = 0;
		};
/* End PBXFrameworksBuildPhase section */

/* Begin PBXGroup section */
		07903BAB24230A1D004238A0 = {
			isa = PBXGroup;
			children = (
				07903BB624230A1D004238A0 /* moodtracker */,
				07903BB524230A1D004238A0 /* Products */,
				17B3733CFAE1D8061D2800BB /* Pods */,
				688F598DF9496074B5F99E2C /* Frameworks */,
			);
			sourceTree = "<group>";
		};
		07903BB524230A1D004238A0 /* Products */ = {
			isa = PBXGroup;
			children = (
				07903BB424230A1D004238A0 /* moodtracker.app */,
			);
			name = Products;
			sourceTree = "<group>";
		};
		07903BB624230A1D004238A0 /* moodtracker */ = {
			isa = PBXGroup;
			children = (
				07903BB724230A1D004238A0 /* AppDelegate.swift */,
				07A5E6F324775CA400A3D6EF /* TabManager.swift */,
				075706B5244E6E3200269D27 /* Reachability.swift */,
				07A5E6CD2475F19500A3D6EF /* Profile */,
				07903BB924230A1D004238A0 /* SceneDelegate.swift */,
				07A5E6CA2475EEF800A3D6EF /* Questionnaire */,
				07903BBB24230A1D004238A0 /* ViewController.swift */,
				07903BBD24230A1D004238A0 /* Main.storyboard */,
				07A5E6CE2475F1DC00A3D6EF /* Log */,
				07A5E6CC2475F16300A3D6EF /* Authentication */,
				07A5E6CB2475F0D900A3D6EF /* Calendar */,
				07FEE6EA244B91CC00758D38 /* mediaHyde */,
				07903BC024230A22004238A0 /* Assets.xcassets */,
				07903BC224230A22004238A0 /* LaunchScreen.storyboard */,
				07903BC524230A22004238A0 /* Info.plist */,
				07F1D2BF244A4C0300A9CBAB /* GoogleService-Info.plist */,
			);
			path = moodtracker;
			sourceTree = "<group>";
		};
		07A5E6CA2475EEF800A3D6EF /* Questionnaire */ = {
			isa = PBXGroup;
			children = (
				07BEFFD6244AAF160079F333 /* WelcomeQuestionnaireVC.swift */,
				07BEFFCC244A812E0079F333 /* CurrentActivitiesVC.swift */,
				07BEFFCE244A98860079F333 /* NewActivitiesVC.swift */,
				07BEFFD0244AA1060079F333 /* MoodVC.swift */,
				07BEFFD4244AA8BB0079F333 /* ProfileCreatorVC.swift */,
			);
			path = Questionnaire;
			sourceTree = "<group>";
		};
		07A5E6CB2475F0D900A3D6EF /* Calendar */ = {
			isa = PBXGroup;
			children = (
				07C4AE10243FF2C5007C2C4B /* DateCell.swift */,
				07E25E2B244027510093F184 /* CalendarVC.swift */,
				0725CD05244BB0C30071F3CD /* DetailedMoodVC.swift */,
			);
			path = Calendar;
			sourceTree = "<group>";
		};
		07A5E6CC2475F16300A3D6EF /* Authentication */ = {
			isa = PBXGroup;
			children = (
				07BEFFCA244A60C60079F333 /* CreateAccountVC.swift */,
				07BEFFC8244A50700079F333 /* SignInVC.swift */,
			);
			path = Authentication;
			sourceTree = "<group>";
		};
		07A5E6CD2475F19500A3D6EF /* Profile */ = {
			isa = PBXGroup;
			children = (
				07BEFFD8244AC0C70079F333 /* ProfileVC.swift */,
			);
			path = Profile;
			sourceTree = "<group>";
		};
		07A5E6CE2475F1DC00A3D6EF /* Log */ = {
			isa = PBXGroup;
			children = (
				0777191C244BC3070084AA49 /* DailyActivitiesVC.swift */,
				0725CD03244BA5200071F3CD /* HomeVC.swift */,
			);
			path = Log;
			sourceTree = "<group>";
		};
		07FEE6EA244B91CC00758D38 /* mediaHyde */ = {
			isa = PBXGroup;
			children = (
				07FEE6EB244B91CC00758D38 /* info.png */,
				07FEE6EC244B91CC00758D38 /* tv.png */,
				07FEE6ED244B91CC00758D38 /* bubble.png */,
				07FEE6EE244B91CC00758D38 /* paint.png */,
				07FEE6EF244B91CC00758D38 /* home.png */,
				07FEE6F0244B91CC00758D38 /* person.png */,
				07FEE6F1244B91CC00758D38 /* cook.png */,
				078EE132244E96A100A5DE7C /* heart.png */,
				07FEE6F2244B91CC00758D38 /* lotus.psd */,
				07FEE6F3244B91CC00758D38 /* read.png */,
				07FEE6F4244B91CC00758D38 /* journalbook.png */,
				07FEE6F5244B91CC00758D38 /* pets.png */,
				07FEE6F6244B91CC00758D38 /* ellipsis.png */,
				07FEE6F7244B91CC00758D38 /* nature.png */,
				07FEE6F8244B91CC00758D38 /* lowest.png */,
				07FEE6F9244B91CC00758D38 /* resources.png */,
				07FEE6FA244B91CC00758D38 /* lotus.png */,
				07FEE6FB244B91CC00758D38 /* exercise.png */,
				07FEE6FC244B91CC00758D38 /* pencil.png */,
				07FEE6FD244B91CC00758D38 /* highest.png */,
				07FEE6FE244B91CC00758D38 /* low.png */,
				07FEE6FF244B91CC00758D38 /* middle.png */,
				07FEE700244B91CC00758D38 /* high.png */,
			);
			path = mediaHyde;
			sourceTree = "<group>";
		};
		17B3733CFAE1D8061D2800BB /* Pods */ = {
			isa = PBXGroup;
			children = (
				3353B9A2FA7F363697A8721C /* Pods-moodtracker.debug.xcconfig */,
				039379169CC4A5E3A84B23CB /* Pods-moodtracker.release.xcconfig */,
			);
			path = Pods;
			sourceTree = "<group>";
		};
		688F598DF9496074B5F99E2C /* Frameworks */ = {
			isa = PBXGroup;
			children = (
				6B0E415D65E346C35E4CF7A9 /* Pods_moodtracker.framework */,
			);
			name = Frameworks;
			sourceTree = "<group>";
		};
/* End PBXGroup section */

/* Begin PBXNativeTarget section */
		07903BB324230A1D004238A0 /* moodtracker */ = {
			isa = PBXNativeTarget;
			buildConfigurationList = 07903BC824230A22004238A0 /* Build configuration list for PBXNativeTarget "moodtracker" */;
			buildPhases = (
				1296433B97C04CF9FABF4015 /* [CP] Check Pods Manifest.lock */,
				07903BB024230A1D004238A0 /* Sources */,
				07903BB124230A1D004238A0 /* Frameworks */,
				07903BB224230A1D004238A0 /* Resources */,
				BD74970D29B445CC1DEC1E75 /* [CP] Embed Pods Frameworks */,
			);
			buildRules = (
			);
			dependencies = (
			);
			name = moodtracker;
			productName = moodtracker;
			productReference = 07903BB424230A1D004238A0 /* moodtracker.app */;
			productType = "com.apple.product-type.application";
		};
/* End PBXNativeTarget section */

/* Begin PBXProject section */
		07903BAC24230A1D004238A0 /* Project object */ = {
			isa = PBXProject;
			attributes = {
				LastSwiftUpdateCheck = 1130;
				LastUpgradeCheck = 1130;
				ORGANIZATIONNAME = "Anna Darwish";
				TargetAttributes = {
					07903BB324230A1D004238A0 = {
						CreatedOnToolsVersion = 11.3.1;
					};
				};
			};
			buildConfigurationList = 07903BAF24230A1D004238A0 /* Build configuration list for PBXProject "moodtracker" */;
			compatibilityVersion = "Xcode 9.3";
			developmentRegion = en;
			hasScannedForEncodings = 0;
			knownRegions = (
				en,
				Base,
			);
			mainGroup = 07903BAB24230A1D004238A0;
			productRefGroup = 07903BB524230A1D004238A0 /* Products */;
			projectDirPath = "";
			projectRoot = "";
			targets = (
				07903BB324230A1D004238A0 /* moodtracker */,
			);
		};
/* End PBXProject section */

/* Begin PBXResourcesBuildPhase section */
		07903BB224230A1D004238A0 /* Resources */ = {
			isa = PBXResourcesBuildPhase;
			buildActionMask = 2147483647;
			files = (
				07903BC424230A22004238A0 /* LaunchScreen.storyboard in Resources */,
				07FEE708244B91CD00758D38 /* lotus.psd in Resources */,
				07FEE716244B91CD00758D38 /* high.png in Resources */,
				07FEE713244B91CD00758D38 /* highest.png in Resources */,
				078EE133244E96A100A5DE7C /* heart.png in Resources */,
				07FEE714244B91CD00758D38 /* low.png in Resources */,
				07FEE703244B91CD00758D38 /* bubble.png in Resources */,
				07FEE70D244B91CD00758D38 /* nature.png in Resources */,
				07F1D2C0244A4C0300A9CBAB /* GoogleService-Info.plist in Resources */,
				07903BC124230A22004238A0 /* Assets.xcassets in Resources */,
				07FEE704244B91CD00758D38 /* paint.png in Resources */,
				07FEE70B244B91CD00758D38 /* pets.png in Resources */,
				07FEE706244B91CD00758D38 /* person.png in Resources */,
				07FEE70A244B91CD00758D38 /* journalbook.png in Resources */,
				07FEE70F244B91CD00758D38 /* resources.png in Resources */,
				07FEE705244B91CD00758D38 /* home.png in Resources */,
				07FEE711244B91CD00758D38 /* exercise.png in Resources */,
				07FEE702244B91CD00758D38 /* tv.png in Resources */,
				07FEE70C244B91CD00758D38 /* ellipsis.png in Resources */,
				07903BBF24230A1D004238A0 /* Main.storyboard in Resources */,
				07FEE701244B91CD00758D38 /* info.png in Resources */,
				07FEE707244B91CD00758D38 /* cook.png in Resources */,
				07FEE70E244B91CD00758D38 /* lowest.png in Resources */,
				07FEE710244B91CD00758D38 /* lotus.png in Resources */,
				07FEE709244B91CD00758D38 /* read.png in Resources */,
				07FEE715244B91CD00758D38 /* middle.png in Resources */,
				07FEE712244B91CD00758D38 /* pencil.png in Resources */,
			);
			runOnlyForDeploymentPostprocessing = 0;
		};
/* End PBXResourcesBuildPhase section */

/* Begin PBXShellScriptBuildPhase section */
		1296433B97C04CF9FABF4015 /* [CP] Check Pods Manifest.lock */ = {
			isa = PBXShellScriptBuildPhase;
			buildActionMask = 2147483647;
			files = (
			);
			inputFileListPaths = (
			);
			inputPaths = (
				"${PODS_PODFILE_DIR_PATH}/Podfile.lock",
				"${PODS_ROOT}/Manifest.lock",
			);
			name = "[CP] Check Pods Manifest.lock";
			outputFileListPaths = (
			);
			outputPaths = (
				"$(DERIVED_FILE_DIR)/Pods-moodtracker-checkManifestLockResult.txt",
			);
			runOnlyForDeploymentPostprocessing = 0;
			shellPath = /bin/sh;
			shellScript = "diff \"${PODS_PODFILE_DIR_PATH}/Podfile.lock\" \"${PODS_ROOT}/Manifest.lock\" > /dev/null\nif [ $? != 0 ] ; then\n    # print error to STDERR\n    echo \"error: The sandbox is not in sync with the Podfile.lock. Run 'pod install' or update your CocoaPods installation.\" >&2\n    exit 1\nfi\n# This output is used by Xcode 'outputs' to avoid re-running this script phase.\necho \"SUCCESS\" > \"${SCRIPT_OUTPUT_FILE_0}\"\n";
			showEnvVarsInLog = 0;
		};
		BD74970D29B445CC1DEC1E75 /* [CP] Embed Pods Frameworks */ = {
			isa = PBXShellScriptBuildPhase;
			buildActionMask = 2147483647;
			files = (
			);
			inputFileListPaths = (
				"${PODS_ROOT}/Target Support Files/Pods-moodtracker/Pods-moodtracker-frameworks-${CONFIGURATION}-input-files.xcfilelist",
			);
			name = "[CP] Embed Pods Frameworks";
			outputFileListPaths = (
				"${PODS_ROOT}/Target Support Files/Pods-moodtracker/Pods-moodtracker-frameworks-${CONFIGURATION}-output-files.xcfilelist",
			);
			runOnlyForDeploymentPostprocessing = 0;
			shellPath = /bin/sh;
			shellScript = "\"${PODS_ROOT}/Target Support Files/Pods-moodtracker/Pods-moodtracker-frameworks.sh\"\n";
			showEnvVarsInLog = 0;
		};
/* End PBXShellScriptBuildPhase section */

/* Begin PBXSourcesBuildPhase section */
		07903BB024230A1D004238A0 /* Sources */ = {
			isa = PBXSourcesBuildPhase;
			buildActionMask = 2147483647;
			files = (
				07BEFFCB244A60C60079F333 /* CreateAccountVC.swift in Sources */,
				0725CD04244BA5200071F3CD /* HomeVC.swift in Sources */,
				07E25E2C244027510093F184 /* CalendarVC.swift in Sources */,
				0777191D244BC3070084AA49 /* DailyActivitiesVC.swift in Sources */,
				07BEFFD5244AA8BB0079F333 /* ProfileCreatorVC.swift in Sources */,
				07BEFFCF244A98860079F333 /* NewActivitiesVC.swift in Sources */,
				075706B6244E6E3200269D27 /* Reachability.swift in Sources */,
				07BEFFD9244AC0C70079F333 /* ProfileVC.swift in Sources */,
				07903BBC24230A1D004238A0 /* ViewController.swift in Sources */,
				07BEFFC9244A50700079F333 /* SignInVC.swift in Sources */,
				07BEFFD1244AA1060079F333 /* MoodVC.swift in Sources */,
				07BEFFD7244AAF160079F333 /* WelcomeQuestionnaireVC.swift in Sources */,
				07903BB824230A1D004238A0 /* AppDelegate.swift in Sources */,
				07BEFFCD244A812E0079F333 /* CurrentActivitiesVC.swift in Sources */,
				0725CD06244BB0C30071F3CD /* DetailedMoodVC.swift in Sources */,
				07903BBA24230A1D004238A0 /* SceneDelegate.swift in Sources */,
				07C4AE11243FF2C5007C2C4B /* DateCell.swift in Sources */,
				07A5E6F424775CA400A3D6EF /* TabManager.swift in Sources */,
			);
			runOnlyForDeploymentPostprocessing = 0;
		};
/* End PBXSourcesBuildPhase section */

/* Begin PBXVariantGroup section */
		07903BBD24230A1D004238A0 /* Main.storyboard */ = {
			isa = PBXVariantGroup;
			children = (
				07903BBE24230A1D004238A0 /* Base */,
			);
			name = Main.storyboard;
			sourceTree = "<group>";
		};
		07903BC224230A22004238A0 /* LaunchScreen.storyboard */ = {
			isa = PBXVariantGroup;
			children = (
				07903BC324230A22004238A0 /* Base */,
			);
			name = LaunchScreen.storyboard;
			sourceTree = "<group>";
		};
/* End PBXVariantGroup section */

/* Begin XCBuildConfiguration section */
		07903BC624230A22004238A0 /* Debug */ = {
			isa = XCBuildConfiguration;
			buildSettings = {
				ALWAYS_SEARCH_USER_PATHS = NO;
				CLANG_ANALYZER_NONNULL = YES;
				CLANG_ANALYZER_NUMBER_OBJECT_CONVERSION = YES_AGGRESSIVE;
				CLANG_CXX_LANGUAGE_STANDARD = "gnu++14";
				CLANG_CXX_LIBRARY = "libc++";
				CLANG_ENABLE_MODULES = YES;
				CLANG_ENABLE_OBJC_ARC = YES;
				CLANG_ENABLE_OBJC_WEAK = YES;
				CLANG_WARN_BLOCK_CAPTURE_AUTORELEASING = YES;
				CLANG_WARN_BOOL_CONVERSION = YES;
				CLANG_WARN_COMMA = YES;
				CLANG_WARN_CONSTANT_CONVERSION = YES;
				CLANG_WARN_DEPRECATED_OBJC_IMPLEMENTATIONS = YES;
				CLANG_WARN_DIRECT_OBJC_ISA_USAGE = YES_ERROR;
				CLANG_WARN_DOCUMENTATION_COMMENTS = YES;
				CLANG_WARN_EMPTY_BODY = YES;
				CLANG_WARN_ENUM_CONVERSION = YES;
				CLANG_WARN_INFINITE_RECURSION = YES;
				CLANG_WARN_INT_CONVERSION = YES;
				CLANG_WARN_NON_LITERAL_NULL_CONVERSION = YES;
				CLANG_WARN_OBJC_IMPLICIT_RETAIN_SELF = YES;
				CLANG_WARN_OBJC_LITERAL_CONVERSION = YES;
				CLANG_WARN_OBJC_ROOT_CLASS = YES_ERROR;
				CLANG_WARN_RANGE_LOOP_ANALYSIS = YES;
				CLANG_WARN_STRICT_PROTOTYPES = YES;
				CLANG_WARN_SUSPICIOUS_MOVE = YES;
				CLANG_WARN_UNGUARDED_AVAILABILITY = YES_AGGRESSIVE;
				CLANG_WARN_UNREACHABLE_CODE = YES;
				CLANG_WARN__DUPLICATE_METHOD_MATCH = YES;
				COPY_PHASE_STRIP = NO;
				DEBUG_INFORMATION_FORMAT = dwarf;
				ENABLE_STRICT_OBJC_MSGSEND = YES;
				ENABLE_TESTABILITY = YES;
				GCC_C_LANGUAGE_STANDARD = gnu11;
				GCC_DYNAMIC_NO_PIC = NO;
				GCC_NO_COMMON_BLOCKS = YES;
				GCC_OPTIMIZATION_LEVEL = 0;
				GCC_PREPROCESSOR_DEFINITIONS = (
					"DEBUG=1",
					"$(inherited)",
				);
				GCC_WARN_64_TO_32_BIT_CONVERSION = YES;
				GCC_WARN_ABOUT_RETURN_TYPE = YES_ERROR;
				GCC_WARN_UNDECLARED_SELECTOR = YES;
				GCC_WARN_UNINITIALIZED_AUTOS = YES_AGGRESSIVE;
				GCC_WARN_UNUSED_FUNCTION = YES;
				GCC_WARN_UNUSED_VARIABLE = YES;
				IPHONEOS_DEPLOYMENT_TARGET = 13.2;
				MTL_ENABLE_DEBUG_INFO = INCLUDE_SOURCE;
				MTL_FAST_MATH = YES;
				ONLY_ACTIVE_ARCH = YES;
				SDKROOT = iphoneos;
				SWIFT_ACTIVE_COMPILATION_CONDITIONS = DEBUG;
				SWIFT_OPTIMIZATION_LEVEL = "-Onone";
			};
			name = Debug;
		};
		07903BC724230A22004238A0 /* Release */ = {
			isa = XCBuildConfiguration;
			buildSettings = {
				ALWAYS_SEARCH_USER_PATHS = NO;
				CLANG_ANALYZER_NONNULL = YES;
				CLANG_ANALYZER_NUMBER_OBJECT_CONVERSION = YES_AGGRESSIVE;
				CLANG_CXX_LANGUAGE_STANDARD = "gnu++14";
				CLANG_CXX_LIBRARY = "libc++";
				CLANG_ENABLE_MODULES = YES;
				CLANG_ENABLE_OBJC_ARC = YES;
				CLANG_ENABLE_OBJC_WEAK = YES;
				CLANG_WARN_BLOCK_CAPTURE_AUTORELEASING = YES;
				CLANG_WARN_BOOL_CONVERSION = YES;
				CLANG_WARN_COMMA = YES;
				CLANG_WARN_CONSTANT_CONVERSION = YES;
				CLANG_WARN_DEPRECATED_OBJC_IMPLEMENTATIONS = YES;
				CLANG_WARN_DIRECT_OBJC_ISA_USAGE = YES_ERROR;
				CLANG_WARN_DOCUMENTATION_COMMENTS = YES;
				CLANG_WARN_EMPTY_BODY = YES;
				CLANG_WARN_ENUM_CONVERSION = YES;
				CLANG_WARN_INFINITE_RECURSION = YES;
				CLANG_WARN_INT_CONVERSION = YES;
				CLANG_WARN_NON_LITERAL_NULL_CONVERSION = YES;
				CLANG_WARN_OBJC_IMPLICIT_RETAIN_SELF = YES;
				CLANG_WARN_OBJC_LITERAL_CONVERSION = YES;
				CLANG_WARN_OBJC_ROOT_CLASS = YES_ERROR;
				CLANG_WARN_RANGE_LOOP_ANALYSIS = YES;
				CLANG_WARN_STRICT_PROTOTYPES = YES;
				CLANG_WARN_SUSPICIOUS_MOVE = YES;
				CLANG_WARN_UNGUARDED_AVAILABILITY = YES_AGGRESSIVE;
				CLANG_WARN_UNREACHABLE_CODE = YES;
				CLANG_WARN__DUPLICATE_METHOD_MATCH = YES;
				COPY_PHASE_STRIP = NO;
				DEBUG_INFORMATION_FORMAT = "dwarf-with-dsym";
				ENABLE_NS_ASSERTIONS = NO;
				ENABLE_STRICT_OBJC_MSGSEND = YES;
				GCC_C_LANGUAGE_STANDARD = gnu11;
				GCC_NO_COMMON_BLOCKS = YES;
				GCC_WARN_64_TO_32_BIT_CONVERSION = YES;
				GCC_WARN_ABOUT_RETURN_TYPE = YES_ERROR;
				GCC_WARN_UNDECLARED_SELECTOR = YES;
				GCC_WARN_UNINITIALIZED_AUTOS = YES_AGGRESSIVE;
				GCC_WARN_UNUSED_FUNCTION = YES;
				GCC_WARN_UNUSED_VARIABLE = YES;
				IPHONEOS_DEPLOYMENT_TARGET = 13.2;
				MTL_ENABLE_DEBUG_INFO = NO;
				MTL_FAST_MATH = YES;
				SDKROOT = iphoneos;
				SWIFT_COMPILATION_MODE = wholemodule;
				SWIFT_OPTIMIZATION_LEVEL = "-O";
				VALIDATE_PRODUCT = YES;
			};
			name = Release;
		};
		07903BC924230A22004238A0 /* Debug */ = {
			isa = XCBuildConfiguration;
			baseConfigurationReference = 3353B9A2FA7F363697A8721C /* Pods-moodtracker.debug.xcconfig */;
			buildSettings = {
				ASSETCATALOG_COMPILER_APPICON_NAME = AppIcon;
				CODE_SIGN_STYLE = Automatic;
				INFOPLIST_FILE = moodtracker/Info.plist;
				LD_RUNPATH_SEARCH_PATHS = (
					"$(inherited)",
					"@executable_path/Frameworks",
				);
				PRODUCT_BUNDLE_IDENTIFIER = edu.duke.cs290.moodtracker;
				PRODUCT_NAME = "$(TARGET_NAME)";
				SWIFT_VERSION = 5.0;
				TARGETED_DEVICE_FAMILY = "1,2";
			};
			name = Debug;
		};
		07903BCA24230A22004238A0 /* Release */ = {
			isa = XCBuildConfiguration;
			baseConfigurationReference = 039379169CC4A5E3A84B23CB /* Pods-moodtracker.release.xcconfig */;
			buildSettings = {
				ASSETCATALOG_COMPILER_APPICON_NAME = AppIcon;
				CODE_SIGN_STYLE = Automatic;
				INFOPLIST_FILE = moodtracker/Info.plist;
				LD_RUNPATH_SEARCH_PATHS = (
					"$(inherited)",
					"@executable_path/Frameworks",
				);
				PRODUCT_BUNDLE_IDENTIFIER = edu.duke.cs290.moodtracker;
				PRODUCT_NAME = "$(TARGET_NAME)";
				SWIFT_VERSION = 5.0;
				TARGETED_DEVICE_FAMILY = "1,2";
			};
			name = Release;
		};
/* End XCBuildConfiguration section */

/* Begin XCConfigurationList section */
		07903BAF24230A1D004238A0 /* Build configuration list for PBXProject "moodtracker" */ = {
			isa = XCConfigurationList;
			buildConfigurations = (
				07903BC624230A22004238A0 /* Debug */,
				07903BC724230A22004238A0 /* Release */,
			);
			defaultConfigurationIsVisible = 0;
			defaultConfigurationName = Release;
		};
		07903BC824230A22004238A0 /* Build configuration list for PBXNativeTarget "moodtracker" */ = {
			isa = XCConfigurationList;
			buildConfigurations = (
				07903BC924230A22004238A0 /* Debug */,
				07903BCA24230A22004238A0 /* Release */,
			);
			defaultConfigurationIsVisible = 0;
			defaultConfigurationName = Release;
		};
/* End XCConfigurationList section */
	};
	rootObject = 07903BAC24230A1D004238A0 /* Project object */;
}
