// !$*UTF8*$!
{
	archiveVersion = 1;
	classes = {
	};
	objectVersion = 51;
	objects = {

/* Begin PBXBuildFile section */
		07903BB824230A1D004238A0 /* AppDelegate.swift in Sources */ = {isa = PBXBuildFile; fileRef = 07903BB724230A1D004238A0 /* AppDelegate.swift */; };
		07903BBA24230A1D004238A0 /* SceneDelegate.swift in Sources */ = {isa = PBXBuildFile; fileRef = 07903BB924230A1D004238A0 /* SceneDelegate.swift */; };
		07903BBC24230A1D004238A0 /* ViewController.swift in Sources */ = {isa = PBXBuildFile; fileRef = 07903BBB24230A1D004238A0 /* ViewController.swift */; };
		07903BBF24230A1D004238A0 /* Main.storyboard in Resources */ = {isa = PBXBuildFile; fileRef = 07903BBD24230A1D004238A0 /* Main.storyboard */; };
		07903BC124230A22004238A0 /* Assets.xcassets in Resources */ = {isa = PBXBuildFile; fileRef = 07903BC024230A22004238A0 /* Assets.xcassets */; };
		07903BC424230A22004238A0 /* LaunchScreen.storyboard in Resources */ = {isa = PBXBuildFile; fileRef = 07903BC224230A22004238A0 /* LaunchScreen.storyboard */; };
		07903BCC242658D2004238A0 /* media in Resources */ = {isa = PBXBuildFile; fileRef = 07903BCB242658D1004238A0 /* media */; };
		07C4AE11243FF2C5007C2C4B /* DateCell.swift in Sources */ = {isa = PBXBuildFile; fileRef = 07C4AE10243FF2C5007C2C4B /* DateCell.swift */; };
		07E25E2C244027510093F184 /* CalendarViewController.swift in Sources */ = {isa = PBXBuildFile; fileRef = 07E25E2B244027510093F184 /* CalendarViewController.swift */; };
		3EA0F5F055125AD5E44C77A6 /* Pods_moodtracker.framework in Frameworks */ = {isa = PBXBuildFile; fileRef = 6B0E415D65E346C35E4CF7A9 /* Pods_moodtracker.framework */; };
/* End PBXBuildFile section */

/* Begin PBXFileReference section */
		039379169CC4A5E3A84B23CB /* Pods-moodtracker.release.xcconfig */ = {isa = PBXFileReference; includeInIndex = 1; lastKnownFileType = text.xcconfig; name = "Pods-moodtracker.release.xcconfig"; path = "Target Support Files/Pods-moodtracker/Pods-moodtracker.release.xcconfig"; sourceTree = "<group>"; };
		07903BB424230A1D004238A0 /* moodtracker.app */ = {isa = PBXFileReference; explicitFileType = wrapper.application; includeInIndex = 0; path = moodtracker.app; sourceTree = BUILT_PRODUCTS_DIR; };
		07903BB724230A1D004238A0 /* AppDelegate.swift */ = {isa = PBXFileReference; lastKnownFileType = sourcecode.swift; path = AppDelegate.swift; sourceTree = "<group>"; };
		07903BB924230A1D004238A0 /* SceneDelegate.swift */ = {isa = PBXFileReference; lastKnownFileType = sourcecode.swift; path = SceneDelegate.swift; sourceTree = "<group>"; };
		07903BBB24230A1D004238A0 /* ViewController.swift */ = {isa = PBXFileReference; lastKnownFileType = sourcecode.swift; path = ViewController.swift; sourceTree = "<group>"; };
		07903BBE24230A1D004238A0 /* Base */ = {isa = PBXFileReference; lastKnownFileType = file.storyboard; name = Base; path = Base.lproj/Main.storyboard; sourceTree = "<group>"; };
		07903BC024230A22004238A0 /* Assets.xcassets */ = {isa = PBXFileReference; lastKnownFileType = folder.assetcatalog; path = Assets.xcassets; sourceTree = "<group>"; };
		07903BC324230A22004238A0 /* Base */ = {isa = PBXFileReference; lastKnownFileType = file.storyboard; name = Base; path = Base.lproj/LaunchScreen.storyboard; sourceTree = "<group>"; };
		07903BC524230A22004238A0 /* Info.plist */ = {isa = PBXFileReference; lastKnownFileType = text.plist.xml; path = Info.plist; sourceTree = "<group>"; };
		07903BCB242658D1004238A0 /* media */ = {isa = PBXFileReference; lastKnownFileType = folder; name = media; path = ../../../media; sourceTree = "<group>"; };
		07C4AE10243FF2C5007C2C4B /* DateCell.swift */ = {isa = PBXFileReference; lastKnownFileType = sourcecode.swift; path = DateCell.swift; sourceTree = "<group>"; };
		07E25E2B244027510093F184 /* CalendarViewController.swift */ = {isa = PBXFileReference; lastKnownFileType = sourcecode.swift; path = CalendarViewController.swift; sourceTree = "<group>"; };
		3353B9A2FA7F363697A8721C /* Pods-moodtracker.debug.xcconfig */ = {isa = PBXFileReference; includeInIndex = 1; lastKnownFileType = text.xcconfig; name = "Pods-moodtracker.debug.xcconfig"; path = "Target Support Files/Pods-moodtracker/Pods-moodtracker.debug.xcconfig"; sourceTree = "<group>"; };
		6B0E415D65E346C35E4CF7A9 /* Pods_moodtracker.framework */ = {isa = PBXFileReference; explicitFileType = wrapper.framework; includeInIndex = 0; path = Pods_moodtracker.framework; sourceTree = BUILT_PRODUCTS_DIR; };
/* End PBXFileReference section */

/* Begin PBXFrameworksBuildPhase section */
		07903BB124230A1D004238A0 /* Frameworks */ = {
			isa = PBXFrameworksBuildPhase;
			buildActionMask = 2147483647;
			files = (
				3EA0F5F055125AD5E44C77A6 /* Pods_moodtracker.framework in Frameworks */,
			);
			runOnlyForDeploymentPostprocessing = 0;
		};
/* End PBXFrameworksBuildPhase section */

/* Begin PBXGroup section */
		07903BAB24230A1D004238A0 = {
			isa = PBXGroup;
			children = (
				07903BB624230A1D004238A0 /* moodtracker */,
				07903BB524230A1D004238A0 /* Products */,
				17B3733CFAE1D8061D2800BB /* Pods */,
				688F598DF9496074B5F99E2C /* Frameworks */,
			);
			sourceTree = "<group>";
		};
		07903BB524230A1D004238A0 /* Products */ = {
			isa = PBXGroup;
			children = (
				07903BB424230A1D004238A0 /* moodtracker.app */,
			);
			name = Products;
			sourceTree = "<group>";
		};
		07903BB624230A1D004238A0 /* moodtracker */ = {
			isa = PBXGroup;
			children = (
				07903BB724230A1D004238A0 /* AppDelegate.swift */,
				07903BB924230A1D004238A0 /* SceneDelegate.swift */,
				07903BBB24230A1D004238A0 /* ViewController.swift */,
				07903BBD24230A1D004238A0 /* Main.storyboard */,
				07903BCB242658D1004238A0 /* media */,
				07903BC024230A22004238A0 /* Assets.xcassets */,
				07903BC224230A22004238A0 /* LaunchScreen.storyboard */,
				07903BC524230A22004238A0 /* Info.plist */,
				07C4AE10243FF2C5007C2C4B /* DateCell.swift */,
				07E25E2B244027510093F184 /* CalendarViewController.swift */,
			);
			path = moodtracker;
			sourceTree = "<group>";
		};
		17B3733CFAE1D8061D2800BB /* Pods */ = {
			isa = PBXGroup;
			children = (
				3353B9A2FA7F363697A8721C /* Pods-moodtracker.debug.xcconfig */,
				039379169CC4A5E3A84B23CB /* Pods-moodtracker.release.xcconfig */,
			);
			path = Pods;
			sourceTree = "<group>";
		};
		688F598DF9496074B5F99E2C /* Frameworks */ = {
			isa = PBXGroup;
			children = (
				6B0E415D65E346C35E4CF7A9 /* Pods_moodtracker.framework */,
			);
			name = Frameworks;
			sourceTree = "<group>";
		};
/* End PBXGroup section */

/* Begin PBXNativeTarget section */
		07903BB324230A1D004238A0 /* moodtracker */ = {
			isa = PBXNativeTarget;
			buildConfigurationList = 07903BC824230A22004238A0 /* Build configuration list for PBXNativeTarget "moodtracker" */;
			buildPhases = (
				1296433B97C04CF9FABF4015 /* [CP] Check Pods Manifest.lock */,
				07903BB024230A1D004238A0 /* Sources */,
				07903BB124230A1D004238A0 /* Frameworks */,
				07903BB224230A1D004238A0 /* Resources */,
				BD74970D29B445CC1DEC1E75 /* [CP] Embed Pods Frameworks */,
			);
			buildRules = (
			);
			dependencies = (
			);
			name = moodtracker;
			productName = moodtracker;
			productReference = 07903BB424230A1D004238A0 /* moodtracker.app */;
			productType = "com.apple.product-type.application";
		};
/* End PBXNativeTarget section */

/* Begin PBXProject section */
		07903BAC24230A1D004238A0 /* Project object */ = {
			isa = PBXProject;
			attributes = {
				LastSwiftUpdateCheck = 1130;
				LastUpgradeCheck = 1130;
				ORGANIZATIONNAME = "Anna Darwish";
				TargetAttributes = {
					07903BB324230A1D004238A0 = {
						CreatedOnToolsVersion = 11.3.1;
					};
				};
			};
			buildConfigurationList = 07903BAF24230A1D004238A0 /* Build configuration list for PBXProject "moodtracker" */;
			compatibilityVersion = "Xcode 9.3";
			developmentRegion = en;
			hasScannedForEncodings = 0;
			knownRegions = (
				en,
				Base,
			);
			mainGroup = 07903BAB24230A1D004238A0;
			productRefGroup = 07903BB524230A1D004238A0 /* Products */;
			projectDirPath = "";
			projectRoot = "";
			targets = (
				07903BB324230A1D004238A0 /* moodtracker */,
			);
		};
/* End PBXProject section */

/* Begin PBXResourcesBuildPhase section */
		07903BB224230A1D004238A0 /* Resources */ = {
			isa = PBXResourcesBuildPhase;
			buildActionMask = 2147483647;
			files = (
				07903BC424230A22004238A0 /* LaunchScreen.storyboard in Resources */,
				07903BCC242658D2004238A0 /* media in Resources */,
				07903BC124230A22004238A0 /* Assets.xcassets in Resources */,
				07903BBF24230A1D004238A0 /* Main.storyboard in Resources */,
			);
			runOnlyForDeploymentPostprocessing = 0;
		};
/* End PBXResourcesBuildPhase section */

/* Begin PBXShellScriptBuildPhase section */
		1296433B97C04CF9FABF4015 /* [CP] Check Pods Manifest.lock */ = {
			isa = PBXShellScriptBuildPhase;
			buildActionMask = 2147483647;
			files = (
			);
			inputFileListPaths = (
			);
			inputPaths = (
				"${PODS_PODFILE_DIR_PATH}/Podfile.lock",
				"${PODS_ROOT}/Manifest.lock",
			);
			name = "[CP] Check Pods Manifest.lock";
			outputFileListPaths = (
			);
			outputPaths = (
				"$(DERIVED_FILE_DIR)/Pods-moodtracker-checkManifestLockResult.txt",
			);
			runOnlyForDeploymentPostprocessing = 0;
			shellPath = /bin/sh;
			shellScript = "diff \"${PODS_PODFILE_DIR_PATH}/Podfile.lock\" \"${PODS_ROOT}/Manifest.lock\" > /dev/null\nif [ $? != 0 ] ; then\n    # print error to STDERR\n    echo \"error: The sandbox is not in sync with the Podfile.lock. Run 'pod install' or update your CocoaPods installation.\" >&2\n    exit 1\nfi\n# This output is used by Xcode 'outputs' to avoid re-running this script phase.\necho \"SUCCESS\" > \"${SCRIPT_OUTPUT_FILE_0}\"\n";
			showEnvVarsInLog = 0;
		};
		BD74970D29B445CC1DEC1E75 /* [CP] Embed Pods Frameworks */ = {
			isa = PBXShellScriptBuildPhase;
			buildActionMask = 2147483647;
			files = (
			);
			inputFileListPaths = (
				"${PODS_ROOT}/Target Support Files/Pods-moodtracker/Pods-moodtracker-frameworks-${CONFIGURATION}-input-files.xcfilelist",
			);
			name = "[CP] Embed Pods Frameworks";
			outputFileListPaths = (
				"${PODS_ROOT}/Target Support Files/Pods-moodtracker/Pods-moodtracker-frameworks-${CONFIGURATION}-output-files.xcfilelist",
			);
			runOnlyForDeploymentPostprocessing = 0;
			shellPath = /bin/sh;
			shellScript = "\"${PODS_ROOT}/Target Support Files/Pods-moodtracker/Pods-moodtracker-frameworks.sh\"\n";
			showEnvVarsInLog = 0;
		};
/* End PBXShellScriptBuildPhase section */

/* Begin PBXSourcesBuildPhase section */
		07903BB024230A1D004238A0 /* Sources */ = {
			isa = PBXSourcesBuildPhase;
			buildActionMask = 2147483647;
			files = (
				07E25E2C244027510093F184 /* CalendarViewController.swift in Sources */,
				07903BBC24230A1D004238A0 /* ViewController.swift in Sources */,
				07903BB824230A1D004238A0 /* AppDelegate.swift in Sources */,
				07903BBA24230A1D004238A0 /* SceneDelegate.swift in Sources */,
				07C4AE11243FF2C5007C2C4B /* DateCell.swift in Sources */,
			);
			runOnlyForDeploymentPostprocessing = 0;
		};
/* End PBXSourcesBuildPhase section */

/* Begin PBXVariantGroup section */
		07903BBD24230A1D004238A0 /* Main.storyboard */ = {
			isa = PBXVariantGroup;
			children = (
				07903BBE24230A1D004238A0 /* Base */,
			);
			name = Main.storyboard;
			sourceTree = "<group>";
		};
		07903BC224230A22004238A0 /* LaunchScreen.storyboard */ = {
			isa = PBXVariantGroup;
			children = (
				07903BC324230A22004238A0 /* Base */,
			);
			name = LaunchScreen.storyboard;
			sourceTree = "<group>";
		};
/* End PBXVariantGroup section */

/* Begin XCBuildConfiguration section */
		07903BC624230A22004238A0 /* Debug */ = {
			isa = XCBuildConfiguration;
			buildSettings = {
				ALWAYS_SEARCH_USER_PATHS = NO;
				CLANG_ANALYZER_NONNULL = YES;
				CLANG_ANALYZER_NUMBER_OBJECT_CONVERSION = YES_AGGRESSIVE;
				CLANG_CXX_LANGUAGE_STANDARD = "gnu++14";
				CLANG_CXX_LIBRARY = "libc++";
				CLANG_ENABLE_MODULES = YES;
				CLANG_ENABLE_OBJC_ARC = YES;
				CLANG_ENABLE_OBJC_WEAK = YES;
				CLANG_WARN_BLOCK_CAPTURE_AUTORELEASING = YES;
				CLANG_WARN_BOOL_CONVERSION = YES;
				CLANG_WARN_COMMA = YES;
				CLANG_WARN_CONSTANT_CONVERSION = YES;
				CLANG_WARN_DEPRECATED_OBJC_IMPLEMENTATIONS = YES;
				CLANG_WARN_DIRECT_OBJC_ISA_USAGE = YES_ERROR;
				CLANG_WARN_DOCUMENTATION_COMMENTS = YES;
				CLANG_WARN_EMPTY_BODY = YES;
				CLANG_WARN_ENUM_CONVERSION = YES;
				CLANG_WARN_INFINITE_RECURSION = YES;
				CLANG_WARN_INT_CONVERSION = YES;
				CLANG_WARN_NON_LITERAL_NULL_CONVERSION = YES;
				CLANG_WARN_OBJC_IMPLICIT_RETAIN_SELF = YES;
				CLANG_WARN_OBJC_LITERAL_CONVERSION = YES;
				CLANG_WARN_OBJC_ROOT_CLASS = YES_ERROR;
				CLANG_WARN_RANGE_LOOP_ANALYSIS = YES;
				CLANG_WARN_STRICT_PROTOTYPES = YES;
				CLANG_WARN_SUSPICIOUS_MOVE = YES;
				CLANG_WARN_UNGUARDED_AVAILABILITY = YES_AGGRESSIVE;
				CLANG_WARN_UNREACHABLE_CODE = YES;
				CLANG_WARN__DUPLICATE_METHOD_MATCH = YES;
				COPY_PHASE_STRIP = NO;
				DEBUG_INFORMATION_FORMAT = dwarf;
				ENABLE_STRICT_OBJC_MSGSEND = YES;
				ENABLE_TESTABILITY = YES;
				GCC_C_LANGUAGE_STANDARD = gnu11;
				GCC_DYNAMIC_NO_PIC = NO;
				GCC_NO_COMMON_BLOCKS = YES;
				GCC_OPTIMIZATION_LEVEL = 0;
				GCC_PREPROCESSOR_DEFINITIONS = (
					"DEBUG=1",
					"$(inherited)",
				);
				GCC_WARN_64_TO_32_BIT_CONVERSION = YES;
				GCC_WARN_ABOUT_RETURN_TYPE = YES_ERROR;
				GCC_WARN_UNDECLARED_SELECTOR = YES;
				GCC_WARN_UNINITIALIZED_AUTOS = YES_AGGRESSIVE;
				GCC_WARN_UNUSED_FUNCTION = YES;
				GCC_WARN_UNUSED_VARIABLE = YES;
				IPHONEOS_DEPLOYMENT_TARGET = 13.2;
				MTL_ENABLE_DEBUG_INFO = INCLUDE_SOURCE;
				MTL_FAST_MATH = YES;
				ONLY_ACTIVE_ARCH = YES;
				SDKROOT = iphoneos;
				SWIFT_ACTIVE_COMPILATION_CONDITIONS = DEBUG;
				SWIFT_OPTIMIZATION_LEVEL = "-Onone";
			};
			name = Debug;
		};
		07903BC724230A22004238A0 /* Release */ = {
			isa = XCBuildConfiguration;
			buildSettings = {
				ALWAYS_SEARCH_USER_PATHS = NO;
				CLANG_ANALYZER_NONNULL = YES;
				CLANG_ANALYZER_NUMBER_OBJECT_CONVERSION = YES_AGGRESSIVE;
				CLANG_CXX_LANGUAGE_STANDARD = "gnu++14";
				CLANG_CXX_LIBRARY = "libc++";
				CLANG_ENABLE_MODULES = YES;
				CLANG_ENABLE_OBJC_ARC = YES;
				CLANG_ENABLE_OBJC_WEAK = YES;
				CLANG_WARN_BLOCK_CAPTURE_AUTORELEASING = YES;
				CLANG_WARN_BOOL_CONVERSION = YES;
				CLANG_WARN_COMMA = YES;
				CLANG_WARN_CONSTANT_CONVERSION = YES;
				CLANG_WARN_DEPRECATED_OBJC_IMPLEMENTATIONS = YES;
				CLANG_WARN_DIRECT_OBJC_ISA_USAGE = YES_ERROR;
				CLANG_WARN_DOCUMENTATION_COMMENTS = YES;
				CLANG_WARN_EMPTY_BODY = YES;
				CLANG_WARN_ENUM_CONVERSION = YES;
				CLANG_WARN_INFINITE_RECURSION = YES;
				CLANG_WARN_INT_CONVERSION = YES;
				CLANG_WARN_NON_LITERAL_NULL_CONVERSION = YES;
				CLANG_WARN_OBJC_IMPLICIT_RETAIN_SELF = YES;
				CLANG_WARN_OBJC_LITERAL_CONVERSION = YES;
				CLANG_WARN_OBJC_ROOT_CLASS = YES_ERROR;
				CLANG_WARN_RANGE_LOOP_ANALYSIS = YES;
				CLANG_WARN_STRICT_PROTOTYPES = YES;
				CLANG_WARN_SUSPICIOUS_MOVE = YES;
				CLANG_WARN_UNGUARDED_AVAILABILITY = YES_AGGRESSIVE;
				CLANG_WARN_UNREACHABLE_CODE = YES;
				CLANG_WARN__DUPLICATE_METHOD_MATCH = YES;
				COPY_PHASE_STRIP = NO;
				DEBUG_INFORMATION_FORMAT = "dwarf-with-dsym";
				ENABLE_NS_ASSERTIONS = NO;
				ENABLE_STRICT_OBJC_MSGSEND = YES;
				GCC_C_LANGUAGE_STANDARD = gnu11;
				GCC_NO_COMMON_BLOCKS = YES;
				GCC_WARN_64_TO_32_BIT_CONVERSION = YES;
				GCC_WARN_ABOUT_RETURN_TYPE = YES_ERROR;
				GCC_WARN_UNDECLARED_SELECTOR = YES;
				GCC_WARN_UNINITIALIZED_AUTOS = YES_AGGRESSIVE;
				GCC_WARN_UNUSED_FUNCTION = YES;
				GCC_WARN_UNUSED_VARIABLE = YES;
				IPHONEOS_DEPLOYMENT_TARGET = 13.2;
				MTL_ENABLE_DEBUG_INFO = NO;
				MTL_FAST_MATH = YES;
				SDKROOT = iphoneos;
				SWIFT_COMPILATION_MODE = wholemodule;
				SWIFT_OPTIMIZATION_LEVEL = "-O";
				VALIDATE_PRODUCT = YES;
			};
			name = Release;
		};
		07903BC924230A22004238A0 /* Debug */ = {
			isa = XCBuildConfiguration;
			baseConfigurationReference = 3353B9A2FA7F363697A8721C /* Pods-moodtracker.debug.xcconfig */;
			buildSettings = {
				ASSETCATALOG_COMPILER_APPICON_NAME = AppIcon;
				CODE_SIGN_STYLE = Automatic;
				INFOPLIST_FILE = moodtracker/Info.plist;
				LD_RUNPATH_SEARCH_PATHS = (
					"$(inherited)",
					"@executable_path/Frameworks",
				);
				PRODUCT_BUNDLE_IDENTIFIER = edu.duke.cs290.moodtracker;
				PRODUCT_NAME = "$(TARGET_NAME)";
				SWIFT_VERSION = 5.0;
				TARGETED_DEVICE_FAMILY = "1,2";
			};
			name = Debug;
		};
		07903BCA24230A22004238A0 /* Release */ = {
			isa = XCBuildConfiguration;
			baseConfigurationReference = 039379169CC4A5E3A84B23CB /* Pods-moodtracker.release.xcconfig */;
			buildSettings = {
				ASSETCATALOG_COMPILER_APPICON_NAME = AppIcon;
				CODE_SIGN_STYLE = Automatic;
				INFOPLIST_FILE = moodtracker/Info.plist;
				LD_RUNPATH_SEARCH_PATHS = (
					"$(inherited)",
					"@executable_path/Frameworks",
				);
				PRODUCT_BUNDLE_IDENTIFIER = edu.duke.cs290.moodtracker;
				PRODUCT_NAME = "$(TARGET_NAME)";
				SWIFT_VERSION = 5.0;
				TARGETED_DEVICE_FAMILY = "1,2";
			};
			name = Release;
		};
/* End XCBuildConfiguration section */

/* Begin XCConfigurationList section */
		07903BAF24230A1D004238A0 /* Build configuration list for PBXProject "moodtracker" */ = {
			isa = XCConfigurationList;
			buildConfigurations = (
				07903BC624230A22004238A0 /* Debug */,
				07903BC724230A22004238A0 /* Release */,
			);
			defaultConfigurationIsVisible = 0;
			defaultConfigurationName = Release;
		};
		07903BC824230A22004238A0 /* Build configuration list for PBXNativeTarget "moodtracker" */ = {
			isa = XCConfigurationList;
			buildConfigurations = (
				07903BC924230A22004238A0 /* Debug */,
				07903BCA24230A22004238A0 /* Release */,
			);
			defaultConfigurationIsVisible = 0;
			defaultConfigurationName = Release;
		};
/* End XCConfigurationList section */
	};
	rootObject = 07903BAC24230A1D004238A0 /* Project object */;
}
